
Microsoft Visual Studio Solution File, Format Version 12.00
# Visual Studio Version 17
VisualStudioVersion = 17.11.35327.3
MinimumVisualStudioVersion = 10.0.40219.1
Project("{FAE04EC0-301F-11D3-BF4B-00C04F79EFBC}") = "useless-stuff", "useless-stuff.csproj", "{C554AA90-1A8B-45B1-A8CC-4E92191C3339}"
EndProject
Project("{FAE04EC0-301F-11D3-BF4B-00C04F79EFBC}") = "useless-stuff-tests", "..\useless-stuff-tests\useless-stuff-tests.csproj", "{A16213F5-4010-4576-996F-5778CD4837C8}"
EndProject
Global
	GlobalSection(SolutionConfigurationPlatforms) = preSolution
		Debug|Any CPU = Debug|Any CPU
		Release|Any CPU = Release|Any CPU
	EndGlobalSection
	GlobalSection(ProjectConfigurationPlatforms) = postSolution
		{C554AA90-1A8B-45B1-A8CC-4E92191C3339}.Debug|Any CPU.ActiveCfg = Debug|Any CPU
		{C554AA90-1A8B-45B1-A8CC-4E92191C3339}.Debug|Any CPU.Build.0 = Debug|Any CPU
		{C554AA90-1A8B-45B1-A8CC-4E92191C3339}.Release|Any CPU.ActiveCfg = Release|Any CPU
		{C554AA90-1A8B-45B1-A8CC-4E92191C3339}.Release|Any CPU.Build.0 = Release|Any CPU
		{A16213F5-4010-4576-996F-5778CD4837C8}.Debug|Any CPU.ActiveCfg = Debug|Any CPU
		{A16213F5-4010-4576-996F-5778CD4837C8}.Debug|Any CPU.Build.0 = Debug|Any CPU
		{A16213F5-4010-4576-996F-5778CD4837C8}.Release|Any CPU.ActiveCfg = Release|Any CPU
		{A16213F5-4010-4576-996F-5778CD4837C8}.Release|Any CPU.Build.0 = Release|Any CPU
	EndGlobalSection
	GlobalSection(SolutionProperties) = preSolution
		HideSolutionNode = FALSE
	EndGlobalSection
	GlobalSection(ExtensibilityGlobals) = postSolution
		SolutionGuid = {03DAF199-062E-4282-BB0F-1A52ADC3FFFE}
	EndGlobalSection
EndGlobal
